
Microsoft Visual Studio Solution File, Format Version 12.00
Project("{FAE04EC0-301F-11D3-BF4B-00C04F79EFBC}") = "Basket", "Basket\Basket.csproj", "{FBE40253-6B4C-4227-A1BB-E407F504B748}"
EndProject
Project("{FAE04EC0-301F-11D3-BF4B-00C04F79EFBC}") = "BasketTest", "BasketTest\BasketTest.csproj", "{F54E0631-E1B6-4847-89AC-45B045E4E6E1}"
EndProject
Global
	GlobalSection(SolutionConfigurationPlatforms) = preSolution
		Debug|Any CPU = Debug|Any CPU
		Release|Any CPU = Release|Any CPU
	EndGlobalSection
	GlobalSection(ProjectConfigurationPlatforms) = postSolution
		{FBE40253-6B4C-4227-A1BB-E407F504B748}.Debug|Any CPU.ActiveCfg = Debug|Any CPU
		{FBE40253-6B4C-4227-A1BB-E407F504B748}.Debug|Any CPU.Build.0 = Debug|Any CPU
		{FBE40253-6B4C-4227-A1BB-E407F504B748}.Release|Any CPU.ActiveCfg = Release|Any CPU
		{FBE40253-6B4C-4227-A1BB-E407F504B748}.Release|Any CPU.Build.0 = Release|Any CPU
		{F54E0631-E1B6-4847-89AC-45B045E4E6E1}.Debug|Any CPU.ActiveCfg = Debug|Any CPU
		{F54E0631-E1B6-4847-89AC-45B045E4E6E1}.Debug|Any CPU.Build.0 = Debug|Any CPU
		{F54E0631-E1B6-4847-89AC-45B045E4E6E1}.Release|Any CPU.ActiveCfg = Release|Any CPU
		{F54E0631-E1B6-4847-89AC-45B045E4E6E1}.Release|Any CPU.Build.0 = Release|Any CPU
	EndGlobalSection
EndGlobal
